
Microsoft Visual Studio Solution File, Format Version 12.00
# Visual Studio 15
VisualStudioVersion = 15.0.28010.2046
MinimumVisualStudioVersion = 10.0.40219.1
Project("{FAE04EC0-301F-11D3-BF4B-00C04F79EFBC}") = "UMASite", "UMASite\UMASite.csproj", "{2BF313D5-123D-482D-872F-5319B39D75CD}"
EndProject
Global
	GlobalSection(SolutionConfigurationPlatforms) = preSolution
		Debug|Any CPU = Debug|Any CPU
		Release|Any CPU = Release|Any CPU
	EndGlobalSection
	GlobalSection(ProjectConfigurationPlatforms) = postSolution
		{2BF313D5-123D-482D-872F-5319B39D75CD}.Debug|Any CPU.ActiveCfg = Debug|Any CPU
		{2BF313D5-123D-482D-872F-5319B39D75CD}.Debug|Any CPU.Build.0 = Debug|Any CPU
		{2BF313D5-123D-482D-872F-5319B39D75CD}.Release|Any CPU.ActiveCfg = Release|Any CPU
		{2BF313D5-123D-482D-872F-5319B39D75CD}.Release|Any CPU.Build.0 = Release|Any CPU
	EndGlobalSection
	GlobalSection(SolutionProperties) = preSolution
		HideSolutionNode = FALSE
	EndGlobalSection
	GlobalSection(ExtensibilityGlobals) = postSolution
		SolutionGuid = {DA110D6C-6742-406B-955F-6D7471E9A195}
	EndGlobalSection
EndGlobal
